// !$*UTF8*$!
{
	archiveVersion = 1;
	classes = {
	};
	objectVersion = 46;
	objects = {

/* Begin PBXBuildFile section */
		B0F845D51E3109B000E4BF11 /* AppDelegate.swift in Sources */ = {isa = PBXBuildFile; fileRef = B0F845D41E3109B000E4BF11 /* AppDelegate.swift */; };
		B0F845D71E3109B000E4BF11 /* ViewController.swift in Sources */ = {isa = PBXBuildFile; fileRef = B0F845D61E3109B000E4BF11 /* ViewController.swift */; };
		B0F845DA1E3109B000E4BF11 /* README.md in Sources */ = {isa = PBXBuildFile; fileRef = B0F845D91E3109B000E4BF11 /* README.md */; };
		B0F845DC1E3109B000E4BF11 /* LICENSE in Resources */ = {isa = PBXBuildFile; fileRef = B0F845DB1E3109B000E4BF11 /* LICENSE */; };
		B0F845DE1E3109B000E4BF11 /* .gitignore in Resources */ = {isa = PBXBuildFile; fileRef = B0F845DD1E3109B000E4BF11 /* .gitignore */; };
		B0F845E01E3109B000E4BF11 /* .travis.yml in Resources */ = {isa = PBXBuildFile; fileRef = B0F845DF1E3109B000E4BF11 /* .travis.yml */; };
		B0F845E31E3109B000E4BF11 /* Main.storyboard in Resources */ = {isa = PBXBuildFile; fileRef = B0F845E11E3109B000E4BF11 /* Main.storyboard */; };
		B0F845E51E3109B000E4BF11 /* Assets.xcassets in Resources */ = {isa = PBXBuildFile; fileRef = B0F845E41E3109B000E4BF11 /* Assets.xcassets */; };
		B0F845E81E3109B000E4BF11 /* LaunchScreen.storyboard in Resources */ = {isa = PBXBuildFile; fileRef = B0F845E61E3109B000E4BF11 /* LaunchScreen.storyboard */; };
/* End PBXBuildFile section */

/* Begin PBXFileReference section */
		B0F845D11E3109B000E4BF11 /* LinkToMusic.app */ = {isa = PBXFileReference; explicitFileType = wrapper.application; includeInIndex = 0; path = LinkToMusic.app; sourceTree = BUILT_PRODUCTS_DIR; };
		B0F845D41E3109B000E4BF11 /* AppDelegate.swift */ = {isa = PBXFileReference; lastKnownFileType = sourcecode.swift; path = AppDelegate.swift; sourceTree = "<group>"; };
		B0F845D61E3109B000E4BF11 /* ViewController.swift */ = {isa = PBXFileReference; lastKnownFileType = sourcecode.swift; path = ViewController.swift; sourceTree = "<group>"; };
		B0F845D91E3109B000E4BF11 /* README.md */ = {isa = PBXFileReference; lastKnownFileType = net.daringfireball.markdown; name = README.md; path = ../README.md; sourceTree = "<group>"; };
		B0F845DB1E3109B000E4BF11 /* LICENSE */ = {isa = PBXFileReference; lastKnownFileType = text; name = LICENSE; path = ../LICENSE; sourceTree = "<group>"; };
		B0F845DD1E3109B000E4BF11 /* .gitignore */ = {isa = PBXFileReference; lastKnownFileType = text; name = .gitignore; path = ../.gitignore; sourceTree = "<group>"; };
		B0F845DF1E3109B000E4BF11 /* .travis.yml */ = {isa = PBXFileReference; lastKnownFileType = text; name = .travis.yml; path = ../.travis.yml; sourceTree = "<group>"; };
		B0F845E21E3109B000E4BF11 /* Base */ = {isa = PBXFileReference; lastKnownFileType = file.storyboard; name = Base; path = Base.lproj/Main.storyboard; sourceTree = "<group>"; };
		B0F845E41E3109B000E4BF11 /* Assets.xcassets */ = {isa = PBXFileReference; lastKnownFileType = folder.assetcatalog; path = Assets.xcassets; sourceTree = "<group>"; };
		B0F845E71E3109B000E4BF11 /* Base */ = {isa = PBXFileReference; lastKnownFileType = file.storyboard; name = Base; path = Base.lproj/LaunchScreen.storyboard; sourceTree = "<group>"; };
		B0F845E91E3109B000E4BF11 /* Info.plist */ = {isa = PBXFileReference; lastKnownFileType = text.plist.xml; path = Info.plist; sourceTree = "<group>"; };
/* End PBXFileReference section */

/* Begin PBXFrameworksBuildPhase section */
		B0F845CE1E3109B000E4BF11 /* Frameworks */ = {
			isa = PBXFrameworksBuildPhase;
			buildActionMask = 2147483647;
			files = (
			);
			runOnlyForDeploymentPostprocessing = 0;
		};
/* End PBXFrameworksBuildPhase section */

/* Begin PBXGroup section */
		B0F845C81E3109B000E4BF11 = {
			isa = PBXGroup;
			children = (
				B0F845D31E3109B000E4BF11 /* LinkToMusic */,
				B0F845D21E3109B000E4BF11 /* Products */,
			);
			sourceTree = "<group>";
		};
		B0F845D21E3109B000E4BF11 /* Products */ = {
			isa = PBXGroup;
			children = (
				B0F845D11E3109B000E4BF11 /* LinkToMusic.app */,
			);
			name = Products;
			sourceTree = "<group>";
		};
		B0F845D31E3109B000E4BF11 /* LinkToMusic */ = {
			isa = PBXGroup;
			children = (
				B0F845D41E3109B000E4BF11 /* AppDelegate.swift */,
				B0F845D61E3109B000E4BF11 /* ViewController.swift */,
				B0F845E11E3109B000E4BF11 /* Main.storyboard */,
				B0F845E41E3109B000E4BF11 /* Assets.xcassets */,
				B0F845E61E3109B000E4BF11 /* LaunchScreen.storyboard */,
				B0F845E91E3109B000E4BF11 /* Info.plist */,
				B0F845D81E3109B000E4BF11 /* Supporting Files */,
			);
			path = LinkToMusic;
			sourceTree = "<group>";
		};
		B0F845D81E3109B000E4BF11 /* Supporting Files */ = {
			isa = PBXGroup;
			children = (
				B0F845D91E3109B000E4BF11 /* README.md */,
				B0F845DB1E3109B000E4BF11 /* LICENSE */,
				B0F845DD1E3109B000E4BF11 /* .gitignore */,
				B0F845DF1E3109B000E4BF11 /* .travis.yml */,
			);
			name = "Supporting Files";
			sourceTree = "<group>";
		};
/* End PBXGroup section */

/* Begin PBXNativeTarget section */
		B0F845D01E3109B000E4BF11 /* LinkToMusic */ = {
			isa = PBXNativeTarget;
			buildConfigurationList = B0F845EC1E3109B000E4BF11 /* Build configuration list for PBXNativeTarget "LinkToMusic" */;
			buildPhases = (
				B0F845CD1E3109B000E4BF11 /* Sources */,
				B0F845CE1E3109B000E4BF11 /* Frameworks */,
				B0F845CF1E3109B000E4BF11 /* Resources */,
			);
			buildRules = (
			);
			dependencies = (
			);
			name = LinkToMusic;
			productName = LinkToMusic;
			productReference = B0F845D11E3109B000E4BF11 /* LinkToMusic.app */;
			productType = "com.apple.product-type.application";
		};
/* End PBXNativeTarget section */

/* Begin PBXProject section */
		B0F845C91E3109B000E4BF11 /* Project object */ = {
			isa = PBXProject;
			attributes = {
				LastSwiftUpdateCheck = 0820;
				LastUpgradeCheck = 0820;
				ORGANIZATIONNAME = "Gene De Lisa";
				TargetAttributes = {
					B0F845D01E3109B000E4BF11 = {
						CreatedOnToolsVersion = 8.2.1;
						DevelopmentTeam = 4UDK2944TW;
						ProvisioningStyle = Automatic;
					};
				};
			};
			buildConfigurationList = B0F845CC1E3109B000E4BF11 /* Build configuration list for PBXProject "LinkToMusic" */;
			compatibilityVersion = "Xcode 3.2";
			developmentRegion = English;
			hasScannedForEncodings = 0;
			knownRegions = (
				en,
				Base,
			);
			mainGroup = B0F845C81E3109B000E4BF11;
			productRefGroup = B0F845D21E3109B000E4BF11 /* Products */;
			projectDirPath = "";
			projectRoot = "";
			targets = (
				B0F845D01E3109B000E4BF11 /* LinkToMusic */,
			);
		};
/* End PBXProject section */

/* Begin PBXResourcesBuildPhase section */
		B0F845CF1E3109B000E4BF11 /* Resources */ = {
			isa = PBXResourcesBuildPhase;
			buildActionMask = 2147483647;
			files = (
				B0F845E01E3109B000E4BF11 /* .travis.yml in Resources */,
				B0F845DE1E3109B000E4BF11 /* .gitignore in Resources */,
				B0F845DC1E3109B000E4BF11 /* LICENSE in Resources */,
				B0F845E81E3109B000E4BF11 /* LaunchScreen.storyboard in Resources */,
				B0F845E31E3109B000E4BF11 /* Main.storyboard in Resources */,
				B0F845E51E3109B000E4BF11 /* Assets.xcassets in Resources */,
			);
			runOnlyForDeploymentPostprocessing = 0;
		};
/* End PBXResourcesBuildPhase section */

/* Begin PBXSourcesBuildPhase section */
		B0F845CD1E3109B000E4BF11 /* Sources */ = {
			isa = PBXSourcesBuildPhase;
			buildActionMask = 2147483647;
			files = (
				B0F845DA1E3109B000E4BF11 /* README.md in Sources */,
				B0F845D71E3109B000E4BF11 /* ViewController.swift in Sources */,
				B0F845D51E3109B000E4BF11 /* AppDelegate.swift in Sources */,
			);
			runOnlyForDeploymentPostprocessing = 0;
		};
/* End PBXSourcesBuildPhase section */

/* Begin PBXVariantGroup section */
		B0F845E11E3109B000E4BF11 /* Main.storyboard */ = {
			isa = PBXVariantGroup;
			children = (
				B0F845E21E3109B000E4BF11 /* Base */,
			);
			name = Main.storyboard;
			sourceTree = "<group>";
		};
		B0F845E61E3109B000E4BF11 /* LaunchScreen.storyboard */ = {
			isa = PBXVariantGroup;
			children = (
				B0F845E71E3109B000E4BF11 /* Base */,
			);
			name = LaunchScreen.storyboard;
			sourceTree = "<group>";
		};
/* End PBXVariantGroup section */

/* Begin XCBuildConfiguration section */
		B0F845EA1E3109B000E4BF11 /* Debug */ = {
			isa = XCBuildConfiguration;
			buildSettings = {
				ALWAYS_SEARCH_USER_PATHS = NO;
				CLANG_ANALYZER_NONNULL = YES;
				CLANG_CXX_LANGUAGE_STANDARD = "gnu++0x";
				CLANG_CXX_LIBRARY = "libc++";
				CLANG_ENABLE_MODULES = YES;
				CLANG_ENABLE_OBJC_ARC = YES;
				CLANG_WARN_BOOL_CONVERSION = YES;
				CLANG_WARN_CONSTANT_CONVERSION = YES;
				CLANG_WARN_DIRECT_OBJC_ISA_USAGE = YES_ERROR;
				CLANG_WARN_DOCUMENTATION_COMMENTS = YES;
				CLANG_WARN_EMPTY_BODY = YES;
				CLANG_WARN_ENUM_CONVERSION = YES;
				CLANG_WARN_INFINITE_RECURSION = YES;
				CLANG_WARN_INT_CONVERSION = YES;
				CLANG_WARN_OBJC_ROOT_CLASS = YES_ERROR;
				CLANG_WARN_SUSPICIOUS_MOVE = YES;
				CLANG_WARN_UNREACHABLE_CODE = YES;
				CLANG_WARN__DUPLICATE_METHOD_MATCH = YES;
				"CODE_SIGN_IDENTITY[sdk=iphoneos*]" = "iPhone Developer";
				COPY_PHASE_STRIP = NO;
				DEBUG_INFORMATION_FORMAT = dwarf;
				ENABLE_STRICT_OBJC_MSGSEND = YES;
				ENABLE_TESTABILITY = YES;
				GCC_C_LANGUAGE_STANDARD = gnu99;
				GCC_DYNAMIC_NO_PIC = NO;
				GCC_NO_COMMON_BLOCKS = YES;
				GCC_OPTIMIZATION_LEVEL = 0;
				GCC_PREPROCESSOR_DEFINITIONS = (
					"DEBUG=1",
					"$(inherited)",
				);
				GCC_WARN_64_TO_32_BIT_CONVERSION = YES;
				GCC_WARN_ABOUT_RETURN_TYPE = YES_ERROR;
				GCC_WARN_UNDECLARED_SELECTOR = YES;
				GCC_WARN_UNINITIALIZED_AUTOS = YES_AGGRESSIVE;
				GCC_WARN_UNUSED_FUNCTION = YES;
				GCC_WARN_UNUSED_VARIABLE = YES;
				IPHONEOS_DEPLOYMENT_TARGET = 10.2;
				MTL_ENABLE_DEBUG_INFO = YES;
				ONLY_ACTIVE_ARCH = YES;
				SDKROOT = iphoneos;
				SWIFT_ACTIVE_COMPILATION_CONDITIONS = DEBUG;
				SWIFT_OPTIMIZATION_LEVEL = "-Onone";
				TARGETED_DEVICE_FAMILY = "1,2";
			};
			name = Debug;
		};
		B0F845EB1E3109B000E4BF11 /* Release */ = {
			isa = XCBuildConfiguration;
			buildSettings = {
				ALWAYS_SEARCH_USER_PATHS = NO;
				CLANG_ANALYZER_NONNULL = YES;
				CLANG_CXX_LANGUAGE_STANDARD = "gnu++0x";
				CLANG_CXX_LIBRARY = "libc++";
				CLANG_ENABLE_MODULES = YES;
				CLANG_ENABLE_OBJC_ARC = YES;
				CLANG_WARN_BOOL_CONVERSION = YES;
				CLANG_WARN_CONSTANT_CONVERSION = YES;
				CLANG_WARN_DIRECT_OBJC_ISA_USAGE = YES_ERROR;
				CLANG_WARN_DOCUMENTATION_COMMENTS = YES;
				CLANG_WARN_EMPTY_BODY = YES;
				CLANG_WARN_ENUM_CONVERSION = YES;
				CLANG_WARN_INFINITE_RECURSION = YES;
				CLANG_WARN_INT_CONVERSION = YES;
				CLANG_WARN_OBJC_ROOT_CLASS = YES_ERROR;
				CLANG_WARN_SUSPICIOUS_MOVE = YES;
				CLANG_WARN_UNREACHABLE_CODE = YES;
				CLANG_WARN__DUPLICATE_METHOD_MATCH = YES;
				"CODE_SIGN_IDENTITY[sdk=iphoneos*]" = "iPhone Developer";
				COPY_PHASE_STRIP = NO;
				DEBUG_INFORMATION_FORMAT = "dwarf-with-dsym";
				ENABLE_NS_ASSERTIONS = NO;
				ENABLE_STRICT_OBJC_MSGSEND = YES;
				GCC_C_LANGUAGE_STANDARD = gnu99;
				GCC_NO_COMMON_BLOCKS = YES;
				GCC_WARN_64_TO_32_BIT_CONVERSION = YES;
				GCC_WARN_ABOUT_RETURN_TYPE = YES_ERROR;
				GCC_WARN_UNDECLARED_SELECTOR = YES;
				GCC_WARN_UNINITIALIZED_AUTOS = YES_AGGRESSIVE;
				GCC_WARN_UNUSED_FUNCTION = YES;
				GCC_WARN_UNUSED_VARIABLE = YES;
				IPHONEOS_DEPLOYMENT_TARGET = 10.2;
				MTL_ENABLE_DEBUG_INFO = NO;
				SDKROOT = iphoneos;
				SWIFT_OPTIMIZATION_LEVEL = "-Owholemodule";
				TARGETED_DEVICE_FAMILY = "1,2";
				VALIDATE_PRODUCT = YES;
			};
			name = Release;
		};
		B0F845ED1E3109B000E4BF11 /* Debug */ = {
			isa = XCBuildConfiguration;
			buildSettings = {
				ASSETCATALOG_COMPILER_APPICON_NAME = AppIcon;
				DEVELOPMENT_TEAM = 4UDK2944TW;
				INFOPLIST_FILE = LinkToMusic/Info.plist;
				LD_RUNPATH_SEARCH_PATHS = "$(inherited) @executable_path/Frameworks";
				PRODUCT_BUNDLE_IDENTIFIER = com.rockhoppertech.LinkToMusic;
				PRODUCT_NAME = "$(TARGET_NAME)";
				SWIFT_VERSION = 3.0;
			};
			name = Debug;
		};
		B0F845EE1E3109B000E4BF11 /* Release */ = {
			isa = XCBuildConfiguration;
			buildSettings = {
				ASSETCATALOG_COMPILER_APPICON_NAME = AppIcon;
				DEVELOPMENT_TEAM = 4UDK2944TW;
				INFOPLIST_FILE = LinkToMusic/Info.plist;
				LD_RUNPATH_SEARCH_PATHS = "$(inherited) @executable_path/Frameworks";
				PRODUCT_BUNDLE_IDENTIFIER = com.rockhoppertech.LinkToMusic;
				PRODUCT_NAME = "$(TARGET_NAME)";
				SWIFT_VERSION = 3.0;
			};
			name = Release;
		};
/* End XCBuildConfiguration section */

/* Begin XCConfigurationList section */
		B0F845CC1E3109B000E4BF11 /* Build configuration list for PBXProject "LinkToMusic" */ = {
			isa = XCConfigurationList;
			buildConfigurations = (
				B0F845EA1E3109B000E4BF11 /* Debug */,
				B0F845EB1E3109B000E4BF11 /* Release */,
			);
			defaultConfigurationIsVisible = 0;
			defaultConfigurationName = Release;
		};
		B0F845EC1E3109B000E4BF11 /* Build configuration list for PBXNativeTarget "LinkToMusic" */ = {
			isa = XCConfigurationList;
			buildConfigurations = (
				B0F845ED1E3109B000E4BF11 /* Debug */,
				B0F845EE1E3109B000E4BF11 /* Release */,
			);
			defaultConfigurationIsVisible = 0;
		};
/* End XCConfigurationList section */
	};
	rootObject = B0F845C91E3109B000E4BF11 /* Project object */;
}
